
Microsoft Visual Studio Solution File, Format Version 12.00
# Visual Studio 15
VisualStudioVersion = 15.0.28307.271
MinimumVisualStudioVersion = 10.0.40219.1
Project("{FAE04EC0-301F-11D3-BF4B-00C04F79EFBC}") = "ComicBookGallery", "ComicBookGallery\ComicBookGallery.csproj", "{5BF5F3D6-B1F3-4F22-92ED-25860D100627}"
EndProject
Global
	GlobalSection(SolutionConfigurationPlatforms) = preSolution
		Debug|Any CPU = Debug|Any CPU
		Release|Any CPU = Release|Any CPU
	EndGlobalSection
	GlobalSection(ProjectConfigurationPlatforms) = postSolution
		{5BF5F3D6-B1F3-4F22-92ED-25860D100627}.Debug|Any CPU.ActiveCfg = Debug|Any CPU
		{5BF5F3D6-B1F3-4F22-92ED-25860D100627}.Debug|Any CPU.Build.0 = Debug|Any CPU
		{5BF5F3D6-B1F3-4F22-92ED-25860D100627}.Release|Any CPU.ActiveCfg = Release|Any CPU
		{5BF5F3D6-B1F3-4F22-92ED-25860D100627}.Release|Any CPU.Build.0 = Release|Any CPU
	EndGlobalSection
	GlobalSection(SolutionProperties) = preSolution
		HideSolutionNode = FALSE
	EndGlobalSection
	GlobalSection(ExtensibilityGlobals) = postSolution
		SolutionGuid = {1D2C8172-2548-498F-9600-E351842BC428}
	EndGlobalSection
EndGlobal
